
Microsoft Visual Studio Solution File, Format Version 12.00
# Visual Studio Version 16
VisualStudioVersion = 16.0.30204.135
MinimumVisualStudioVersion = 10.0.40219.1
Project("{9A19103F-16F7-4668-BE54-9A1E7A4F7556}") = "EFCoreNovo.WebAPI", "EFCoreNovo.WebAPI.csproj", "{3A784E6A-F90E-4F38-8591-4D809A2123E8}"
EndProject
Project("{FAE04EC0-301F-11D3-BF4B-00C04F79EFBC}") = "EFCore.Dominio", "..\EFCore.Dominio\EFCore.Dominio.csproj", "{38587DB1-6C11-49B7-AB51-D02C03D610E5}"
EndProject
Project("{FAE04EC0-301F-11D3-BF4B-00C04F79EFBC}") = "EFCore.Repo", "..\EFCore.Repo\EFCore.Repo.csproj", "{22E9DB33-3797-4BBD-9988-31FFF3CC4B19}"
EndProject
Global
	GlobalSection(SolutionConfigurationPlatforms) = preSolution
		Debug|Any CPU = Debug|Any CPU
		Release|Any CPU = Release|Any CPU
	EndGlobalSection
	GlobalSection(ProjectConfigurationPlatforms) = postSolution
		{3A784E6A-F90E-4F38-8591-4D809A2123E8}.Debug|Any CPU.ActiveCfg = Debug|Any CPU
		{3A784E6A-F90E-4F38-8591-4D809A2123E8}.Debug|Any CPU.Build.0 = Debug|Any CPU
		{3A784E6A-F90E-4F38-8591-4D809A2123E8}.Release|Any CPU.ActiveCfg = Release|Any CPU
		{3A784E6A-F90E-4F38-8591-4D809A2123E8}.Release|Any CPU.Build.0 = Release|Any CPU
		{38587DB1-6C11-49B7-AB51-D02C03D610E5}.Debug|Any CPU.ActiveCfg = Debug|Any CPU
		{38587DB1-6C11-49B7-AB51-D02C03D610E5}.Debug|Any CPU.Build.0 = Debug|Any CPU
		{38587DB1-6C11-49B7-AB51-D02C03D610E5}.Release|Any CPU.ActiveCfg = Release|Any CPU
		{38587DB1-6C11-49B7-AB51-D02C03D610E5}.Release|Any CPU.Build.0 = Release|Any CPU
		{22E9DB33-3797-4BBD-9988-31FFF3CC4B19}.Debug|Any CPU.ActiveCfg = Debug|Any CPU
		{22E9DB33-3797-4BBD-9988-31FFF3CC4B19}.Debug|Any CPU.Build.0 = Debug|Any CPU
		{22E9DB33-3797-4BBD-9988-31FFF3CC4B19}.Release|Any CPU.ActiveCfg = Release|Any CPU
		{22E9DB33-3797-4BBD-9988-31FFF3CC4B19}.Release|Any CPU.Build.0 = Release|Any CPU
	EndGlobalSection
	GlobalSection(SolutionProperties) = preSolution
		HideSolutionNode = FALSE
	EndGlobalSection
	GlobalSection(ExtensibilityGlobals) = postSolution
		SolutionGuid = {C48BC028-7C75-482A-92B7-27F3EB8EF51D}
	EndGlobalSection
EndGlobal
